
Microsoft Visual Studio Solution File, Format Version 12.00
# Visual Studio Version 16
VisualStudioVersion = 16.0.30611.23
MinimumVisualStudioVersion = 10.0.40219.1
Project("{FAE04EC0-301F-11D3-BF4B-00C04F79EFBC}") = "parking2", "parking2\parking2.csproj", "{54D929B3-152B-4B33-AE0E-D13F4FFFCB91}"
EndProject
Global
	GlobalSection(SolutionConfigurationPlatforms) = preSolution
		Debug|Any CPU = Debug|Any CPU
		Release|Any CPU = Release|Any CPU
	EndGlobalSection
	GlobalSection(ProjectConfigurationPlatforms) = postSolution
		{54D929B3-152B-4B33-AE0E-D13F4FFFCB91}.Debug|Any CPU.ActiveCfg = Debug|Any CPU
		{54D929B3-152B-4B33-AE0E-D13F4FFFCB91}.Debug|Any CPU.Build.0 = Debug|Any CPU
		{54D929B3-152B-4B33-AE0E-D13F4FFFCB91}.Release|Any CPU.ActiveCfg = Release|Any CPU
		{54D929B3-152B-4B33-AE0E-D13F4FFFCB91}.Release|Any CPU.Build.0 = Release|Any CPU
	EndGlobalSection
	GlobalSection(SolutionProperties) = preSolution
		HideSolutionNode = FALSE
	EndGlobalSection
	GlobalSection(ExtensibilityGlobals) = postSolution
		SolutionGuid = {8531D43A-7531-42B4-9A34-F212E66BF0A0}
	EndGlobalSection
EndGlobal
