
Microsoft Visual Studio Solution File, Format Version 12.00
# Visual Studio Version 16
VisualStudioVersion = 16.0.31025.194
MinimumVisualStudioVersion = 10.0.40219.1
Project("{FAE04EC0-301F-11D3-BF4B-00C04F79EFBC}") = "zamka", "zamka\zamka.csproj", "{C42CFD95-BA41-4D30-A37B-C02A7F9299BF}"
EndProject
Global
	GlobalSection(SolutionConfigurationPlatforms) = preSolution
		Debug|Any CPU = Debug|Any CPU
		Release|Any CPU = Release|Any CPU
	EndGlobalSection
	GlobalSection(ProjectConfigurationPlatforms) = postSolution
		{C42CFD95-BA41-4D30-A37B-C02A7F9299BF}.Debug|Any CPU.ActiveCfg = Debug|Any CPU
		{C42CFD95-BA41-4D30-A37B-C02A7F9299BF}.Debug|Any CPU.Build.0 = Debug|Any CPU
		{C42CFD95-BA41-4D30-A37B-C02A7F9299BF}.Release|Any CPU.ActiveCfg = Release|Any CPU
		{C42CFD95-BA41-4D30-A37B-C02A7F9299BF}.Release|Any CPU.Build.0 = Release|Any CPU
	EndGlobalSection
	GlobalSection(SolutionProperties) = preSolution
		HideSolutionNode = FALSE
	EndGlobalSection
	GlobalSection(ExtensibilityGlobals) = postSolution
		SolutionGuid = {60C695A3-E183-4631-8178-DA8E36382000}
	EndGlobalSection
EndGlobal
